// !$*UTF8*$!
{
	archiveVersion = 1;
	classes = {
	};
	objectVersion = 50;
	objects = {

/* Begin PBXBuildFile section */
		4645168E217A2446007E5C72 /* AppDelegate.swift in Sources */ = {isa = PBXBuildFile; fileRef = 4645168D217A2446007E5C72 /* AppDelegate.swift */; };
		46451690217A2446007E5C72 /* QuizViewController.swift in Sources */ = {isa = PBXBuildFile; fileRef = 4645168F217A2446007E5C72 /* QuizViewController.swift */; };
		46451693217A2446007E5C72 /* Main.storyboard in Resources */ = {isa = PBXBuildFile; fileRef = 46451691217A2446007E5C72 /* Main.storyboard */; };
		46451695217A2448007E5C72 /* Assets.xcassets in Resources */ = {isa = PBXBuildFile; fileRef = 46451694217A2448007E5C72 /* Assets.xcassets */; };
		46451698217A2448007E5C72 /* LaunchScreen.storyboard in Resources */ = {isa = PBXBuildFile; fileRef = 46451696217A2448007E5C72 /* LaunchScreen.storyboard */; };
		464516A0217A2AB3007E5C72 /* AddViewQuestionController.swift in Sources */ = {isa = PBXBuildFile; fileRef = 4645169F217A2AB3007E5C72 /* AddViewQuestionController.swift */; };
		464516A2217A2B8A007E5C72 /* TriviaQuestion.swift in Sources */ = {isa = PBXBuildFile; fileRef = 464516A1217A2B8A007E5C72 /* TriviaQuestion.swift */; };
/* End PBXBuildFile section */

/* Begin PBXFileReference section */
		4645168A217A2446007E5C72 /* TriviaBoi.app */ = {isa = PBXFileReference; explicitFileType = wrapper.application; includeInIndex = 0; path = TriviaBoi.app; sourceTree = BUILT_PRODUCTS_DIR; };
		4645168D217A2446007E5C72 /* AppDelegate.swift */ = {isa = PBXFileReference; lastKnownFileType = sourcecode.swift; path = AppDelegate.swift; sourceTree = "<group>"; };
		4645168F217A2446007E5C72 /* QuizViewController.swift */ = {isa = PBXFileReference; lastKnownFileType = sourcecode.swift; path = QuizViewController.swift; sourceTree = "<group>"; };
		46451692217A2446007E5C72 /* Base */ = {isa = PBXFileReference; lastKnownFileType = file.storyboard; name = Base; path = Base.lproj/Main.storyboard; sourceTree = "<group>"; };
		46451694217A2448007E5C72 /* Assets.xcassets */ = {isa = PBXFileReference; lastKnownFileType = folder.assetcatalog; path = Assets.xcassets; sourceTree = "<group>"; };
		46451697217A2448007E5C72 /* Base */ = {isa = PBXFileReference; lastKnownFileType = file.storyboard; name = Base; path = Base.lproj/LaunchScreen.storyboard; sourceTree = "<group>"; };
		46451699217A2448007E5C72 /* Info.plist */ = {isa = PBXFileReference; lastKnownFileType = text.plist.xml; path = Info.plist; sourceTree = "<group>"; };
		4645169F217A2AB3007E5C72 /* AddViewQuestionController.swift */ = {isa = PBXFileReference; lastKnownFileType = sourcecode.swift; path = AddViewQuestionController.swift; sourceTree = "<group>"; };
		464516A1217A2B8A007E5C72 /* TriviaQuestion.swift */ = {isa = PBXFileReference; lastKnownFileType = sourcecode.swift; path = TriviaQuestion.swift; sourceTree = "<group>"; };
/* End PBXFileReference section */

/* Begin PBXFrameworksBuildPhase section */
		46451687217A2446007E5C72 /* Frameworks */ = {
			isa = PBXFrameworksBuildPhase;
			buildActionMask = 2147483647;
			files = (
			);
			runOnlyForDeploymentPostprocessing = 0;
		};
/* End PBXFrameworksBuildPhase section */

/* Begin PBXGroup section */
		46451681217A2446007E5C72 = {
			isa = PBXGroup;
			children = (
				4645168C217A2446007E5C72 /* TriviaBoi */,
				4645168B217A2446007E5C72 /* Products */,
			);
			sourceTree = "<group>";
		};
		4645168B217A2446007E5C72 /* Products */ = {
			isa = PBXGroup;
			children = (
				4645168A217A2446007E5C72 /* TriviaBoi.app */,
			);
			name = Products;
			sourceTree = "<group>";
		};
		4645168C217A2446007E5C72 /* TriviaBoi */ = {
			isa = PBXGroup;
			children = (
				4645168D217A2446007E5C72 /* AppDelegate.swift */,
				4645168F217A2446007E5C72 /* QuizViewController.swift */,
				46451691217A2446007E5C72 /* Main.storyboard */,
				4645169F217A2AB3007E5C72 /* AddViewQuestionController.swift */,
				46451694217A2448007E5C72 /* Assets.xcassets */,
				464516A1217A2B8A007E5C72 /* TriviaQuestion.swift */,
				46451696217A2448007E5C72 /* LaunchScreen.storyboard */,
				46451699217A2448007E5C72 /* Info.plist */,
			);
			path = TriviaBoi;
			sourceTree = "<group>";
		};
/* End PBXGroup section */

/* Begin PBXNativeTarget section */
		46451689217A2446007E5C72 /* TriviaBoi */ = {
			isa = PBXNativeTarget;
			buildConfigurationList = 4645169C217A2448007E5C72 /* Build configuration list for PBXNativeTarget "TriviaBoi" */;
			buildPhases = (
				46451686217A2446007E5C72 /* Sources */,
				46451687217A2446007E5C72 /* Frameworks */,
				46451688217A2446007E5C72 /* Resources */,
			);
			buildRules = (
			);
			dependencies = (
			);
			name = TriviaBoi;
			productName = TriviaBoi;
			productReference = 4645168A217A2446007E5C72 /* TriviaBoi.app */;
			productType = "com.apple.product-type.application";
		};
/* End PBXNativeTarget section */

/* Begin PBXProject section */
		46451682217A2446007E5C72 /* Project object */ = {
			isa = PBXProject;
			attributes = {
				LastSwiftUpdateCheck = 1000;
				LastUpgradeCheck = 1000;
				ORGANIZATIONNAME = "Kirk Brown";
				TargetAttributes = {
					46451689217A2446007E5C72 = {
						CreatedOnToolsVersion = 10.0;
					};
				};
			};
			buildConfigurationList = 46451685217A2446007E5C72 /* Build configuration list for PBXProject "TriviaBoi" */;
			compatibilityVersion = "Xcode 9.3";
			developmentRegion = en;
			hasScannedForEncodings = 0;
			knownRegions = (
				en,
				Base,
			);
			mainGroup = 46451681217A2446007E5C72;
			productRefGroup = 4645168B217A2446007E5C72 /* Products */;
			projectDirPath = "";
			projectRoot = "";
			targets = (
				46451689217A2446007E5C72 /* TriviaBoi */,
			);
		};
/* End PBXProject section */

/* Begin PBXResourcesBuildPhase section */
		46451688217A2446007E5C72 /* Resources */ = {
			isa = PBXResourcesBuildPhase;
			buildActionMask = 2147483647;
			files = (
				46451698217A2448007E5C72 /* LaunchScreen.storyboard in Resources */,
				46451695217A2448007E5C72 /* Assets.xcassets in Resources */,
				46451693217A2446007E5C72 /* Main.storyboard in Resources */,
			);
			runOnlyForDeploymentPostprocessing = 0;
		};
/* End PBXResourcesBuildPhase section */

/* Begin PBXSourcesBuildPhase section */
		46451686217A2446007E5C72 /* Sources */ = {
			isa = PBXSourcesBuildPhase;
			buildActionMask = 2147483647;
			files = (
				46451690217A2446007E5C72 /* QuizViewController.swift in Sources */,
				4645168E217A2446007E5C72 /* AppDelegate.swift in Sources */,
				464516A2217A2B8A007E5C72 /* TriviaQuestion.swift in Sources */,
				464516A0217A2AB3007E5C72 /* AddViewQuestionController.swift in Sources */,
			);
			runOnlyForDeploymentPostprocessing = 0;
		};
/* End PBXSourcesBuildPhase section */

/* Begin PBXVariantGroup section */
		46451691217A2446007E5C72 /* Main.storyboard */ = {
			isa = PBXVariantGroup;
			children = (
				46451692217A2446007E5C72 /* Base */,
			);
			name = Main.storyboard;
			sourceTree = "<group>";
		};
		46451696217A2448007E5C72 /* LaunchScreen.storyboard */ = {
			isa = PBXVariantGroup;
			children = (
				46451697217A2448007E5C72 /* Base */,
			);
			name = LaunchScreen.storyboard;
			sourceTree = "<group>";
		};
/* End PBXVariantGroup section */

/* Begin XCBuildConfiguration section */
		4645169A217A2448007E5C72 /* Debug */ = {
			isa = XCBuildConfiguration;
			buildSettings = {
				ALWAYS_SEARCH_USER_PATHS = NO;
				CLANG_ANALYZER_NONNULL = YES;
				CLANG_ANALYZER_NUMBER_OBJECT_CONVERSION = YES_AGGRESSIVE;
				CLANG_CXX_LANGUAGE_STANDARD = "gnu++14";
				CLANG_CXX_LIBRARY = "libc++";
				CLANG_ENABLE_MODULES = YES;
				CLANG_ENABLE_OBJC_ARC = YES;
				CLANG_ENABLE_OBJC_WEAK = YES;
				CLANG_WARN_BLOCK_CAPTURE_AUTORELEASING = YES;
				CLANG_WARN_BOOL_CONVERSION = YES;
				CLANG_WARN_COMMA = YES;
				CLANG_WARN_CONSTANT_CONVERSION = YES;
				CLANG_WARN_DEPRECATED_OBJC_IMPLEMENTATIONS = YES;
				CLANG_WARN_DIRECT_OBJC_ISA_USAGE = YES_ERROR;
				CLANG_WARN_DOCUMENTATION_COMMENTS = YES;
				CLANG_WARN_EMPTY_BODY = YES;
				CLANG_WARN_ENUM_CONVERSION = YES;
				CLANG_WARN_INFINITE_RECURSION = YES;
				CLANG_WARN_INT_CONVERSION = YES;
				CLANG_WARN_NON_LITERAL_NULL_CONVERSION = YES;
				CLANG_WARN_OBJC_IMPLICIT_RETAIN_SELF = YES;
				CLANG_WARN_OBJC_LITERAL_CONVERSION = YES;
				CLANG_WARN_OBJC_ROOT_CLASS = YES_ERROR;
				CLANG_WARN_RANGE_LOOP_ANALYSIS = YES;
				CLANG_WARN_STRICT_PROTOTYPES = YES;
				CLANG_WARN_SUSPICIOUS_MOVE = YES;
				CLANG_WARN_UNGUARDED_AVAILABILITY = YES_AGGRESSIVE;
				CLANG_WARN_UNREACHABLE_CODE = YES;
				CLANG_WARN__DUPLICATE_METHOD_MATCH = YES;
				CODE_SIGN_IDENTITY = "iPhone Developer";
				COPY_PHASE_STRIP = NO;
				DEBUG_INFORMATION_FORMAT = dwarf;
				ENABLE_STRICT_OBJC_MSGSEND = YES;
				ENABLE_TESTABILITY = YES;
				GCC_C_LANGUAGE_STANDARD = gnu11;
				GCC_DYNAMIC_NO_PIC = NO;
				GCC_NO_COMMON_BLOCKS = YES;
				GCC_OPTIMIZATION_LEVEL = 0;
				GCC_PREPROCESSOR_DEFINITIONS = (
					"DEBUG=1",
					"$(inherited)",
				);
				GCC_WARN_64_TO_32_BIT_CONVERSION = YES;
				GCC_WARN_ABOUT_RETURN_TYPE = YES_ERROR;
				GCC_WARN_UNDECLARED_SELECTOR = YES;
				GCC_WARN_UNINITIALIZED_AUTOS = YES_AGGRESSIVE;
				GCC_WARN_UNUSED_FUNCTION = YES;
				GCC_WARN_UNUSED_VARIABLE = YES;
				IPHONEOS_DEPLOYMENT_TARGET = 12.0;
				MTL_ENABLE_DEBUG_INFO = INCLUDE_SOURCE;
				MTL_FAST_MATH = YES;
				ONLY_ACTIVE_ARCH = YES;
				SDKROOT = iphoneos;
				SWIFT_ACTIVE_COMPILATION_CONDITIONS = DEBUG;
				SWIFT_OPTIMIZATION_LEVEL = "-Onone";
			};
			name = Debug;
		};
		4645169B217A2448007E5C72 /* Release */ = {
			isa = XCBuildConfiguration;
			buildSettings = {
				ALWAYS_SEARCH_USER_PATHS = NO;
				CLANG_ANALYZER_NONNULL = YES;
				CLANG_ANALYZER_NUMBER_OBJECT_CONVERSION = YES_AGGRESSIVE;
				CLANG_CXX_LANGUAGE_STANDARD = "gnu++14";
				CLANG_CXX_LIBRARY = "libc++";
				CLANG_ENABLE_MODULES = YES;
				CLANG_ENABLE_OBJC_ARC = YES;
				CLANG_ENABLE_OBJC_WEAK = YES;
				CLANG_WARN_BLOCK_CAPTURE_AUTORELEASING = YES;
				CLANG_WARN_BOOL_CONVERSION = YES;
				CLANG_WARN_COMMA = YES;
				CLANG_WARN_CONSTANT_CONVERSION = YES;
				CLANG_WARN_DEPRECATED_OBJC_IMPLEMENTATIONS = YES;
				CLANG_WARN_DIRECT_OBJC_ISA_USAGE = YES_ERROR;
				CLANG_WARN_DOCUMENTATION_COMMENTS = YES;
				CLANG_WARN_EMPTY_BODY = YES;
				CLANG_WARN_ENUM_CONVERSION = YES;
				CLANG_WARN_INFINITE_RECURSION = YES;
				CLANG_WARN_INT_CONVERSION = YES;
				CLANG_WARN_NON_LITERAL_NULL_CONVERSION = YES;
				CLANG_WARN_OBJC_IMPLICIT_RETAIN_SELF = YES;
				CLANG_WARN_OBJC_LITERAL_CONVERSION = YES;
				CLANG_WARN_OBJC_ROOT_CLASS = YES_ERROR;
				CLANG_WARN_RANGE_LOOP_ANALYSIS = YES;
				CLANG_WARN_STRICT_PROTOTYPES = YES;
				CLANG_WARN_SUSPICIOUS_MOVE = YES;
				CLANG_WARN_UNGUARDED_AVAILABILITY = YES_AGGRESSIVE;
				CLANG_WARN_UNREACHABLE_CODE = YES;
				CLANG_WARN__DUPLICATE_METHOD_MATCH = YES;
				CODE_SIGN_IDENTITY = "iPhone Developer";
				COPY_PHASE_STRIP = NO;
				DEBUG_INFORMATION_FORMAT = "dwarf-with-dsym";
				ENABLE_NS_ASSERTIONS = NO;
				ENABLE_STRICT_OBJC_MSGSEND = YES;
				GCC_C_LANGUAGE_STANDARD = gnu11;
				GCC_NO_COMMON_BLOCKS = YES;
				GCC_WARN_64_TO_32_BIT_CONVERSION = YES;
				GCC_WARN_ABOUT_RETURN_TYPE = YES_ERROR;
				GCC_WARN_UNDECLARED_SELECTOR = YES;
				GCC_WARN_UNINITIALIZED_AUTOS = YES_AGGRESSIVE;
				GCC_WARN_UNUSED_FUNCTION = YES;
				GCC_WARN_UNUSED_VARIABLE = YES;
				IPHONEOS_DEPLOYMENT_TARGET = 12.0;
				MTL_ENABLE_DEBUG_INFO = NO;
				MTL_FAST_MATH = YES;
				SDKROOT = iphoneos;
				SWIFT_COMPILATION_MODE = wholemodule;
				SWIFT_OPTIMIZATION_LEVEL = "-O";
				VALIDATE_PRODUCT = YES;
			};
			name = Release;
		};
		4645169D217A2448007E5C72 /* Debug */ = {
			isa = XCBuildConfiguration;
			buildSettings = {
				ASSETCATALOG_COMPILER_APPICON_NAME = AppIcon;
				CODE_SIGN_STYLE = Automatic;
				INFOPLIST_FILE = TriviaBoi/Info.plist;
				LD_RUNPATH_SEARCH_PATHS = (
					"$(inherited)",
					"@executable_path/Frameworks",
				);
				PRODUCT_BUNDLE_IDENTIFIER = com.kirkBrown.TriviaBoi;
				PRODUCT_NAME = "$(TARGET_NAME)";
				SWIFT_VERSION = 4.2;
				TARGETED_DEVICE_FAMILY = "1,2";
			};
			name = Debug;
		};
		4645169E217A2448007E5C72 /* Release */ = {
			isa = XCBuildConfiguration;
			buildSettings = {
				ASSETCATALOG_COMPILER_APPICON_NAME = AppIcon;
				CODE_SIGN_STYLE = Automatic;
				INFOPLIST_FILE = TriviaBoi/Info.plist;
				LD_RUNPATH_SEARCH_PATHS = (
					"$(inherited)",
					"@executable_path/Frameworks",
				);
				PRODUCT_BUNDLE_IDENTIFIER = com.kirkBrown.TriviaBoi;
				PRODUCT_NAME = "$(TARGET_NAME)";
				SWIFT_VERSION = 4.2;
				TARGETED_DEVICE_FAMILY = "1,2";
			};
			name = Release;
		};
/* End XCBuildConfiguration section */

/* Begin XCConfigurationList section */
		46451685217A2446007E5C72 /* Build configuration list for PBXProject "TriviaBoi" */ = {
			isa = XCConfigurationList;
			buildConfigurations = (
				4645169A217A2448007E5C72 /* Debug */,
				4645169B217A2448007E5C72 /* Release */,
			);
			defaultConfigurationIsVisible = 0;
			defaultConfigurationName = Release;
		};
		4645169C217A2448007E5C72 /* Build configuration list for PBXNativeTarget "TriviaBoi" */ = {
			isa = XCConfigurationList;
			buildConfigurations = (
				4645169D217A2448007E5C72 /* Debug */,
				4645169E217A2448007E5C72 /* Release */,
			);
			defaultConfigurationIsVisible = 0;
			defaultConfigurationName = Release;
		};
/* End XCConfigurationList section */
	};
	rootObject = 46451682217A2446007E5C72 /* Project object */;
}
